
Microsoft Visual Studio Solution File, Format Version 12.00
# Visual Studio Version 17
VisualStudioVersion = 17.8.34330.188
MinimumVisualStudioVersion = 10.0.40219.1
Project("{9A19103F-16F7-4668-BE54-9A1E7A4F7556}") = "MomAndBaby", "MomAndBaby\MomAndBaby.csproj", "{55E82006-7592-497C-B995-B4E65C24A169}"
EndProject
Global
	GlobalSection(SolutionConfigurationPlatforms) = preSolution
		Debug|Any CPU = Debug|Any CPU
		Release|Any CPU = Release|Any CPU
	EndGlobalSection
	GlobalSection(ProjectConfigurationPlatforms) = postSolution
		{55E82006-7592-497C-B995-B4E65C24A169}.Debug|Any CPU.ActiveCfg = Debug|Any CPU
		{55E82006-7592-497C-B995-B4E65C24A169}.Debug|Any CPU.Build.0 = Debug|Any CPU
		{55E82006-7592-497C-B995-B4E65C24A169}.Release|Any CPU.ActiveCfg = Release|Any CPU
		{55E82006-7592-497C-B995-B4E65C24A169}.Release|Any CPU.Build.0 = Release|Any CPU
	EndGlobalSection
	GlobalSection(SolutionProperties) = preSolution
		HideSolutionNode = FALSE
	EndGlobalSection
	GlobalSection(ExtensibilityGlobals) = postSolution
		SolutionGuid = {FA3762CF-0AC2-4A4D-BF61-007CC1E7C5D9}
	EndGlobalSection
EndGlobal
